
Microsoft Visual Studio Solution File, Format Version 12.00
# Visual Studio Version 17
VisualStudioVersion = 17.9.34728.123
MinimumVisualStudioVersion = 10.0.40219.1
Project("{FAE04EC0-301F-11D3-BF4B-00C04F79EFBC}") = "Turn Based Combat", "Turn Based Combat.csproj", "{C3F15C14-E08D-4AFF-96EA-CEA37D567A06}"
EndProject
Global
	GlobalSection(SolutionConfigurationPlatforms) = preSolution
		Debug|Any CPU = Debug|Any CPU
		Release|Any CPU = Release|Any CPU
	EndGlobalSection
	GlobalSection(ProjectConfigurationPlatforms) = postSolution
		{C3F15C14-E08D-4AFF-96EA-CEA37D567A06}.Debug|Any CPU.ActiveCfg = Debug|Any CPU
		{C3F15C14-E08D-4AFF-96EA-CEA37D567A06}.Debug|Any CPU.Build.0 = Debug|Any CPU
		{C3F15C14-E08D-4AFF-96EA-CEA37D567A06}.Release|Any CPU.ActiveCfg = Release|Any CPU
		{C3F15C14-E08D-4AFF-96EA-CEA37D567A06}.Release|Any CPU.Build.0 = Release|Any CPU
	EndGlobalSection
	GlobalSection(SolutionProperties) = preSolution
		HideSolutionNode = FALSE
	EndGlobalSection
	GlobalSection(ExtensibilityGlobals) = postSolution
		SolutionGuid = {99CD8E34-CA91-45C7-AA3E-C21A07A88CF9}
	EndGlobalSection
EndGlobal
